{
    "name": "node-all-directories",
    "version": "12.0.0",
    "lockfileVersion": 2,
    "requires": true,
    "packages": {
        "": {
            "version": "12.0.0",
            "license": "MIT",
            "dependencies": {
                "node-directories": "^3.0.0"
            },
            "devDependencies": {
                "@types/jasmine": "^3.7.6",
                "@types/node": "^15.12.1"
            }
        },
        "node_modules/@types/jasmine": {
            "version": "3.7.6",
            "resolved": "https://registry.npmjs.org/@types/jasmine/-/jasmine-3.7.6.tgz",
            "integrity": "sha512-7Z6PZskqJZL7grgTg6L0JYLqaP6rEAecBZvHz3bzVZVMeun2kQ3QZ6Wx+cFjvjAR7le9p066WBDzLDobz9rlyQ==",
            "dev": true
        },
        "node_modules/@types/node": {
            "version": "15.12.1",
            "resolved": "https://registry.npmjs.org/@types/node/-/node-15.12.1.tgz",
            "integrity": "sha512-zyxJM8I1c9q5sRMtVF+zdd13Jt6RU4r4qfhTd7lQubyThvLfx6yYekWSQjGCGV2Tkecgxnlpl/DNlb6Hg+dmEw==",
            "dev": true
        },
        "node_modules/node-directories": {
            "version": "3.0.0",
            "resolved": "https://registry.npmjs.org/node-directories/-/node-directories-3.0.0.tgz",
            "integrity": "sha512-HfTIS8Cb5HPgQI/C/VjOtgrFBHR9CYGpx2znzSepXP+J2gFsJ6singSYdSMXCLoVE9go1sqpcMMOS8MmGlbFjA=="
        }
    },
    "dependencies": {
        "@types/jasmine": {
            "version": "3.7.6",
            "resolved": "https://registry.npmjs.org/@types/jasmine/-/jasmine-3.7.6.tgz",
            "integrity": "sha512-7Z6PZskqJZL7grgTg6L0JYLqaP6rEAecBZvHz3bzVZVMeun2kQ3QZ6Wx+cFjvjAR7le9p066WBDzLDobz9rlyQ==",
            "dev": true
        },
        "@types/node": {
            "version": "15.12.1",
            "resolved": "https://registry.npmjs.org/@types/node/-/node-15.12.1.tgz",
            "integrity": "sha512-zyxJM8I1c9q5sRMtVF+zdd13Jt6RU4r4qfhTd7lQubyThvLfx6yYekWSQjGCGV2Tkecgxnlpl/DNlb6Hg+dmEw==",
            "dev": true
        },
        "node-directories": {
            "version": "3.0.0",
            "resolved": "https://registry.npmjs.org/node-directories/-/node-directories-3.0.0.tgz",
            "integrity": "sha512-HfTIS8Cb5HPgQI/C/VjOtgrFBHR9CYGpx2znzSepXP+J2gFsJ6singSYdSMXCLoVE9go1sqpcMMOS8MmGlbFjA=="
        }
    }
}
